{
  "name": "js",
  "version": "1.0.0",
  "lockfileVersion": 2,
  "requires": true,
  "packages": {
    "": {
      "version": "1.0.0",
      "license": "ISC",
      "dependencies": {
        "buffer-layout": "^1.2.1"
      }
    },
    "node_modules/buffer-layout": {
      "version": "1.2.1",
      "resolved": "https://registry.npmjs.org/buffer-layout/-/buffer-layout-1.2.1.tgz",
      "integrity": "sha512-RUTGEYG1vX0Zp1dStQFl8yeU/LEBPXVtHwzzDbPWkE5zq+Prt9fkFLKNiwmaeHg6BBiRMcQAgj4cynazO6eekw==",
      "engines": {
        "node": ">=4.5"
      }
    }
  },
  "dependencies": {
    "buffer-layout": {
      "version": "1.2.1",
      "resolved": "https://registry.npmjs.org/buffer-layout/-/buffer-layout-1.2.1.tgz",
      "integrity": "sha512-RUTGEYG1vX0Zp1dStQFl8yeU/LEBPXVtHwzzDbPWkE5zq+Prt9fkFLKNiwmaeHg6BBiRMcQAgj4cynazO6eekw=="
    }
  }
}
